# THIS IS AN AUTOGENERATED FILE. DO NOT EDIT THIS FILE DIRECTLY.
# yarn lockfile v1


sanitize.css@^13.0.0:
  version "13.0.0"
  resolved "https://registry.yarnpkg.com/sanitize.css/-/sanitize.css-13.0.0.tgz#2675553974b27964c75562ade3bd85d79879f173"
  integrity sha512-ZRwKbh/eQ6w9vmTjkuG0Ioi3HBwPFce0O+v//ve+aOq1oeCy7jMV2qzzAlpsNuqpqCBjjriM1lbtZbF/Q8jVyA==
